// !$*UTF8*$!
{
	archiveVersion = 1;
	classes = {
	};
	objectVersion = 50;
	objects = {

/* Begin PBXBuildFile section */
		532BF9652554E753008E8BFA /* AppDelegate.swift in Sources */ = {isa = PBXBuildFile; fileRef = 532BF9642554E753008E8BFA /* AppDelegate.swift */; };
		532BF9672554E753008E8BFA /* SceneDelegate.swift in Sources */ = {isa = PBXBuildFile; fileRef = 532BF9662554E753008E8BFA /* SceneDelegate.swift */; };
		532BF9692554E753008E8BFA /* MainVC.swift in Sources */ = {isa = PBXBuildFile; fileRef = 532BF9682554E753008E8BFA /* MainVC.swift */; };
		532BF96E2554E755008E8BFA /* Assets.xcassets in Resources */ = {isa = PBXBuildFile; fileRef = 532BF96D2554E755008E8BFA /* Assets.xcassets */; };
		532BF9712554E755008E8BFA /* LaunchScreen.storyboard in Resources */ = {isa = PBXBuildFile; fileRef = 532BF96F2554E755008E8BFA /* LaunchScreen.storyboard */; };
		53361A32255764C00083DC8B /* LearnScreen.swift in Sources */ = {isa = PBXBuildFile; fileRef = 53361A31255764BF0083DC8B /* LearnScreen.swift */; };
		535585CD255983130020A8C5 /* ImagePickerDelegate.swift in Sources */ = {isa = PBXBuildFile; fileRef = 535585CC255983130020A8C5 /* ImagePickerDelegate.swift */; };
		535585D02559832E0020A8C5 /* Navigation+Controller+Delegate.swift in Sources */ = {isa = PBXBuildFile; fileRef = 535585CF2559832E0020A8C5 /* Navigation+Controller+Delegate.swift */; };
		536AC3252558478E00F455A8 /* Card_One.swift in Sources */ = {isa = PBXBuildFile; fileRef = 536AC3242558478E00F455A8 /* Card_One.swift */; };
		536AC3282558479700F455A8 /* Card_Two.swift in Sources */ = {isa = PBXBuildFile; fileRef = 536AC3272558479700F455A8 /* Card_Two.swift */; };
		536AC32D2558A31F00F455A8 /* LearnTableView.swift in Sources */ = {isa = PBXBuildFile; fileRef = 536AC32C2558A31F00F455A8 /* LearnTableView.swift */; };
		536AC3302558A3E200F455A8 /* SoundTableViewCell.swift in Sources */ = {isa = PBXBuildFile; fileRef = 536AC32F2558A3E200F455A8 /* SoundTableViewCell.swift */; };
		536AC3332558A3FF00F455A8 /* TableViewDelegate.swift in Sources */ = {isa = PBXBuildFile; fileRef = 536AC3322558A3FF00F455A8 /* TableViewDelegate.swift */; };
		536AC3362558A40D00F455A8 /* TableViewDataSource.swift in Sources */ = {isa = PBXBuildFile; fileRef = 536AC3352558A40D00F455A8 /* TableViewDataSource.swift */; };
		5392F5D42555B98B005D905B /* LettersModel.swift in Sources */ = {isa = PBXBuildFile; fileRef = 5392F5D32555B98B005D905B /* LettersModel.swift */; };
/* End PBXBuildFile section */

/* Begin PBXFileReference section */
		532BF9612554E753008E8BFA /* Pronouce.app */ = {isa = PBXFileReference; explicitFileType = wrapper.application; includeInIndex = 0; path = Pronouce.app; sourceTree = BUILT_PRODUCTS_DIR; };
		532BF9642554E753008E8BFA /* AppDelegate.swift */ = {isa = PBXFileReference; lastKnownFileType = sourcecode.swift; path = AppDelegate.swift; sourceTree = "<group>"; };
		532BF9662554E753008E8BFA /* SceneDelegate.swift */ = {isa = PBXFileReference; lastKnownFileType = sourcecode.swift; path = SceneDelegate.swift; sourceTree = "<group>"; };
		532BF9682554E753008E8BFA /* MainVC.swift */ = {isa = PBXFileReference; lastKnownFileType = sourcecode.swift; path = MainVC.swift; sourceTree = "<group>"; };
		532BF96D2554E755008E8BFA /* Assets.xcassets */ = {isa = PBXFileReference; lastKnownFileType = folder.assetcatalog; path = Assets.xcassets; sourceTree = "<group>"; };
		532BF9702554E755008E8BFA /* Base */ = {isa = PBXFileReference; lastKnownFileType = file.storyboard; name = Base; path = Base.lproj/LaunchScreen.storyboard; sourceTree = "<group>"; };
		532BF9722554E755008E8BFA /* Info.plist */ = {isa = PBXFileReference; lastKnownFileType = text.plist.xml; path = Info.plist; sourceTree = "<group>"; };
		53361A31255764BF0083DC8B /* LearnScreen.swift */ = {isa = PBXFileReference; lastKnownFileType = sourcecode.swift; path = LearnScreen.swift; sourceTree = "<group>"; };
		535585CC255983130020A8C5 /* ImagePickerDelegate.swift */ = {isa = PBXFileReference; lastKnownFileType = sourcecode.swift; path = ImagePickerDelegate.swift; sourceTree = "<group>"; };
		535585CF2559832E0020A8C5 /* Navigation+Controller+Delegate.swift */ = {isa = PBXFileReference; lastKnownFileType = sourcecode.swift; path = "Navigation+Controller+Delegate.swift"; sourceTree = "<group>"; };
		536AC3242558478E00F455A8 /* Card_One.swift */ = {isa = PBXFileReference; lastKnownFileType = sourcecode.swift; path = Card_One.swift; sourceTree = "<group>"; };
		536AC3272558479700F455A8 /* Card_Two.swift */ = {isa = PBXFileReference; lastKnownFileType = sourcecode.swift; path = Card_Two.swift; sourceTree = "<group>"; };
		536AC32C2558A31F00F455A8 /* LearnTableView.swift */ = {isa = PBXFileReference; lastKnownFileType = sourcecode.swift; path = LearnTableView.swift; sourceTree = "<group>"; };
		536AC32F2558A3E200F455A8 /* SoundTableViewCell.swift */ = {isa = PBXFileReference; lastKnownFileType = sourcecode.swift; path = SoundTableViewCell.swift; sourceTree = "<group>"; };
		536AC3322558A3FF00F455A8 /* TableViewDelegate.swift */ = {isa = PBXFileReference; lastKnownFileType = sourcecode.swift; path = TableViewDelegate.swift; sourceTree = "<group>"; };
		536AC3352558A40D00F455A8 /* TableViewDataSource.swift */ = {isa = PBXFileReference; lastKnownFileType = sourcecode.swift; path = TableViewDataSource.swift; sourceTree = "<group>"; };
		5392F5D32555B98B005D905B /* LettersModel.swift */ = {isa = PBXFileReference; lastKnownFileType = sourcecode.swift; path = LettersModel.swift; sourceTree = "<group>"; };
/* End PBXFileReference section */

/* Begin PBXFrameworksBuildPhase section */
		532BF95E2554E753008E8BFA /* Frameworks */ = {
			isa = PBXFrameworksBuildPhase;
			buildActionMask = 2147483647;
			files = (
			);
			runOnlyForDeploymentPostprocessing = 0;
		};
/* End PBXFrameworksBuildPhase section */

/* Begin PBXGroup section */
		532BF9582554E753008E8BFA = {
			isa = PBXGroup;
			children = (
				532BF9632554E753008E8BFA /* Pronouce */,
				532BF9622554E753008E8BFA /* Products */,
			);
			sourceTree = "<group>";
		};
		532BF9622554E753008E8BFA /* Products */ = {
			isa = PBXGroup;
			children = (
				532BF9612554E753008E8BFA /* Pronouce.app */,
			);
			name = Products;
			sourceTree = "<group>";
		};
		532BF9632554E753008E8BFA /* Pronouce */ = {
			isa = PBXGroup;
			children = (
				5332EDB4255C4E430057AC18 /* Sound */,
				536AC3212558474500F455A8 /* Components */,
				53361A3425578AE50083DC8B /* Styling */,
				5392F5D22555B95D005D905B /* Model */,
				5392F5D02555B8BE005D905B /* Sounds */,
				53A662882555B83900C88E1D /* Assets */,
				53A662872555B83000C88E1D /* Screens */,
				53A6627A2555B76000C88E1D /* Extensions */,
				532BF97A2554E793008E8BFA /* App+SceneDelegate */,
				532BF96F2554E755008E8BFA /* LaunchScreen.storyboard */,
				532BF9722554E755008E8BFA /* Info.plist */,
			);
			path = Pronouce;
			sourceTree = "<group>";
		};
		532BF97A2554E793008E8BFA /* App+SceneDelegate */ = {
			isa = PBXGroup;
			children = (
				532BF9642554E753008E8BFA /* AppDelegate.swift */,
				532BF9662554E753008E8BFA /* SceneDelegate.swift */,
			);
			path = "App+SceneDelegate";
			sourceTree = "<group>";
		};
		5332EDB4255C4E430057AC18 /* Sound */ = {
			isa = PBXGroup;
			children = (
			);
			path = Sound;
			sourceTree = "<group>";
		};
		53361A3425578AE50083DC8B /* Styling */ = {
			isa = PBXGroup;
			children = (
			);
			path = Styling;
			sourceTree = "<group>";
		};
		535585D2255983330020A8C5 /* Camera Delegates */ = {
			isa = PBXGroup;
			children = (
				535585CC255983130020A8C5 /* ImagePickerDelegate.swift */,
				535585CF2559832E0020A8C5 /* Navigation+Controller+Delegate.swift */,
			);
			path = "Camera Delegates";
			sourceTree = "<group>";
		};
		535585D3255983410020A8C5 /* Table View */ = {
			isa = PBXGroup;
			children = (
				536AC3322558A3FF00F455A8 /* TableViewDelegate.swift */,
				536AC3352558A40D00F455A8 /* TableViewDataSource.swift */,
			);
			path = "Table View";
			sourceTree = "<group>";
		};
		536AC3212558474500F455A8 /* Components */ = {
			isa = PBXGroup;
			children = (
				536AC32A2558A2FA00F455A8 /* TableView */,
				536AC3222558475000F455A8 /* View */,
			);
			path = Components;
			sourceTree = "<group>";
		};
		536AC3222558475000F455A8 /* View */ = {
			isa = PBXGroup;
			children = (
				536AC3242558478E00F455A8 /* Card_One.swift */,
				536AC3272558479700F455A8 /* Card_Two.swift */,
			);
			path = View;
			sourceTree = "<group>";
		};
		536AC32A2558A2FA00F455A8 /* TableView */ = {
			isa = PBXGroup;
			children = (
				536AC32C2558A31F00F455A8 /* LearnTableView.swift */,
				536AC32F2558A3E200F455A8 /* SoundTableViewCell.swift */,
			);
			path = TableView;
			sourceTree = "<group>";
		};
		5392F5D02555B8BE005D905B /* Sounds */ = {
			isa = PBXGroup;
			children = (
			);
			path = Sounds;
			sourceTree = "<group>";
		};
		5392F5D22555B95D005D905B /* Model */ = {
			isa = PBXGroup;
			children = (
				5392F5D32555B98B005D905B /* LettersModel.swift */,
			);
			path = Model;
			sourceTree = "<group>";
		};
		53A6627A2555B76000C88E1D /* Extensions */ = {
			isa = PBXGroup;
			children = (
				535585D3255983410020A8C5 /* Table View */,
				535585D2255983330020A8C5 /* Camera Delegates */,
			);
			path = Extensions;
			sourceTree = "<group>";
		};
		53A662872555B83000C88E1D /* Screens */ = {
			isa = PBXGroup;
			children = (
				532BF9682554E753008E8BFA /* MainVC.swift */,
				53361A31255764BF0083DC8B /* LearnScreen.swift */,
			);
			path = Screens;
			sourceTree = "<group>";
		};
		53A662882555B83900C88E1D /* Assets */ = {
			isa = PBXGroup;
			children = (
				532BF96D2554E755008E8BFA /* Assets.xcassets */,
			);
			path = Assets;
			sourceTree = "<group>";
		};
/* End PBXGroup section */

/* Begin PBXNativeTarget section */
		532BF9602554E753008E8BFA /* Pronouce */ = {
			isa = PBXNativeTarget;
			buildConfigurationList = 532BF9752554E755008E8BFA /* Build configuration list for PBXNativeTarget "Pronouce" */;
			buildPhases = (
				532BF95D2554E753008E8BFA /* Sources */,
				532BF95E2554E753008E8BFA /* Frameworks */,
				532BF95F2554E753008E8BFA /* Resources */,
			);
			buildRules = (
			);
			dependencies = (
			);
			name = Pronouce;
			productName = Pronouce;
			productReference = 532BF9612554E753008E8BFA /* Pronouce.app */;
			productType = "com.apple.product-type.application";
		};
/* End PBXNativeTarget section */

/* Begin PBXProject section */
		532BF9592554E753008E8BFA /* Project object */ = {
			isa = PBXProject;
			attributes = {
				LastSwiftUpdateCheck = 1210;
				LastUpgradeCheck = 1210;
				TargetAttributes = {
					532BF9602554E753008E8BFA = {
						CreatedOnToolsVersion = 12.1;
					};
				};
			};
			buildConfigurationList = 532BF95C2554E753008E8BFA /* Build configuration list for PBXProject "Pronouce" */;
			compatibilityVersion = "Xcode 9.3";
			developmentRegion = en;
			hasScannedForEncodings = 0;
			knownRegions = (
				en,
				Base,
			);
			mainGroup = 532BF9582554E753008E8BFA;
			productRefGroup = 532BF9622554E753008E8BFA /* Products */;
			projectDirPath = "";
			projectRoot = "";
			targets = (
				532BF9602554E753008E8BFA /* Pronouce */,
			);
		};
/* End PBXProject section */

/* Begin PBXResourcesBuildPhase section */
		532BF95F2554E753008E8BFA /* Resources */ = {
			isa = PBXResourcesBuildPhase;
			buildActionMask = 2147483647;
			files = (
				532BF9712554E755008E8BFA /* LaunchScreen.storyboard in Resources */,
				532BF96E2554E755008E8BFA /* Assets.xcassets in Resources */,
			);
			runOnlyForDeploymentPostprocessing = 0;
		};
/* End PBXResourcesBuildPhase section */

/* Begin PBXSourcesBuildPhase section */
		532BF95D2554E753008E8BFA /* Sources */ = {
			isa = PBXSourcesBuildPhase;
			buildActionMask = 2147483647;
			files = (
				535585CD255983130020A8C5 /* ImagePickerDelegate.swift in Sources */,
				536AC3332558A3FF00F455A8 /* TableViewDelegate.swift in Sources */,
				536AC3362558A40D00F455A8 /* TableViewDataSource.swift in Sources */,
				536AC3282558479700F455A8 /* Card_Two.swift in Sources */,
				5392F5D42555B98B005D905B /* LettersModel.swift in Sources */,
				532BF9692554E753008E8BFA /* MainVC.swift in Sources */,
				536AC3252558478E00F455A8 /* Card_One.swift in Sources */,
				536AC32D2558A31F00F455A8 /* LearnTableView.swift in Sources */,
				536AC3302558A3E200F455A8 /* SoundTableViewCell.swift in Sources */,
				53361A32255764C00083DC8B /* LearnScreen.swift in Sources */,
				535585D02559832E0020A8C5 /* Navigation+Controller+Delegate.swift in Sources */,
				532BF9652554E753008E8BFA /* AppDelegate.swift in Sources */,
				532BF9672554E753008E8BFA /* SceneDelegate.swift in Sources */,
			);
			runOnlyForDeploymentPostprocessing = 0;
		};
/* End PBXSourcesBuildPhase section */

/* Begin PBXVariantGroup section */
		532BF96F2554E755008E8BFA /* LaunchScreen.storyboard */ = {
			isa = PBXVariantGroup;
			children = (
				532BF9702554E755008E8BFA /* Base */,
			);
			name = LaunchScreen.storyboard;
			sourceTree = "<group>";
		};
/* End PBXVariantGroup section */

/* Begin XCBuildConfiguration section */
		532BF9732554E755008E8BFA /* Debug */ = {
			isa = XCBuildConfiguration;
			buildSettings = {
				ALWAYS_SEARCH_USER_PATHS = NO;
				CLANG_ANALYZER_NONNULL = YES;
				CLANG_ANALYZER_NUMBER_OBJECT_CONVERSION = YES_AGGRESSIVE;
				CLANG_CXX_LANGUAGE_STANDARD = "gnu++14";
				CLANG_CXX_LIBRARY = "libc++";
				CLANG_ENABLE_MODULES = YES;
				CLANG_ENABLE_OBJC_ARC = YES;
				CLANG_ENABLE_OBJC_WEAK = YES;
				CLANG_WARN_BLOCK_CAPTURE_AUTORELEASING = YES;
				CLANG_WARN_BOOL_CONVERSION = YES;
				CLANG_WARN_COMMA = YES;
				CLANG_WARN_CONSTANT_CONVERSION = YES;
				CLANG_WARN_DEPRECATED_OBJC_IMPLEMENTATIONS = YES;
				CLANG_WARN_DIRECT_OBJC_ISA_USAGE = YES_ERROR;
				CLANG_WARN_DOCUMENTATION_COMMENTS = YES;
				CLANG_WARN_EMPTY_BODY = YES;
				CLANG_WARN_ENUM_CONVERSION = YES;
				CLANG_WARN_INFINITE_RECURSION = YES;
				CLANG_WARN_INT_CONVERSION = YES;
				CLANG_WARN_NON_LITERAL_NULL_CONVERSION = YES;
				CLANG_WARN_OBJC_IMPLICIT_RETAIN_SELF = YES;
				CLANG_WARN_OBJC_LITERAL_CONVERSION = YES;
				CLANG_WARN_OBJC_ROOT_CLASS = YES_ERROR;
				CLANG_WARN_QUOTED_INCLUDE_IN_FRAMEWORK_HEADER = YES;
				CLANG_WARN_RANGE_LOOP_ANALYSIS = YES;
				CLANG_WARN_STRICT_PROTOTYPES = YES;
				CLANG_WARN_SUSPICIOUS_MOVE = YES;
				CLANG_WARN_UNGUARDED_AVAILABILITY = YES_AGGRESSIVE;
				CLANG_WARN_UNREACHABLE_CODE = YES;
				CLANG_WARN__DUPLICATE_METHOD_MATCH = YES;
				COPY_PHASE_STRIP = NO;
				DEBUG_INFORMATION_FORMAT = dwarf;
				ENABLE_STRICT_OBJC_MSGSEND = YES;
				ENABLE_TESTABILITY = YES;
				GCC_C_LANGUAGE_STANDARD = gnu11;
				GCC_DYNAMIC_NO_PIC = NO;
				GCC_NO_COMMON_BLOCKS = YES;
				GCC_OPTIMIZATION_LEVEL = 0;
				GCC_PREPROCESSOR_DEFINITIONS = (
					"DEBUG=1",
					"$(inherited)",
				);
				GCC_WARN_64_TO_32_BIT_CONVERSION = YES;
				GCC_WARN_ABOUT_RETURN_TYPE = YES_ERROR;
				GCC_WARN_UNDECLARED_SELECTOR = YES;
				GCC_WARN_UNINITIALIZED_AUTOS = YES_AGGRESSIVE;
				GCC_WARN_UNUSED_FUNCTION = YES;
				GCC_WARN_UNUSED_VARIABLE = YES;
				IPHONEOS_DEPLOYMENT_TARGET = 14.1;
				MTL_ENABLE_DEBUG_INFO = INCLUDE_SOURCE;
				MTL_FAST_MATH = YES;
				ONLY_ACTIVE_ARCH = YES;
				SDKROOT = iphoneos;
				SWIFT_ACTIVE_COMPILATION_CONDITIONS = DEBUG;
				SWIFT_OPTIMIZATION_LEVEL = "-Onone";
			};
			name = Debug;
		};
		532BF9742554E755008E8BFA /* Release */ = {
			isa = XCBuildConfiguration;
			buildSettings = {
				ALWAYS_SEARCH_USER_PATHS = NO;
				CLANG_ANALYZER_NONNULL = YES;
				CLANG_ANALYZER_NUMBER_OBJECT_CONVERSION = YES_AGGRESSIVE;
				CLANG_CXX_LANGUAGE_STANDARD = "gnu++14";
				CLANG_CXX_LIBRARY = "libc++";
				CLANG_ENABLE_MODULES = YES;
				CLANG_ENABLE_OBJC_ARC = YES;
				CLANG_ENABLE_OBJC_WEAK = YES;
				CLANG_WARN_BLOCK_CAPTURE_AUTORELEASING = YES;
				CLANG_WARN_BOOL_CONVERSION = YES;
				CLANG_WARN_COMMA = YES;
				CLANG_WARN_CONSTANT_CONVERSION = YES;
				CLANG_WARN_DEPRECATED_OBJC_IMPLEMENTATIONS = YES;
				CLANG_WARN_DIRECT_OBJC_ISA_USAGE = YES_ERROR;
				CLANG_WARN_DOCUMENTATION_COMMENTS = YES;
				CLANG_WARN_EMPTY_BODY = YES;
				CLANG_WARN_ENUM_CONVERSION = YES;
				CLANG_WARN_INFINITE_RECURSION = YES;
				CLANG_WARN_INT_CONVERSION = YES;
				CLANG_WARN_NON_LITERAL_NULL_CONVERSION = YES;
				CLANG_WARN_OBJC_IMPLICIT_RETAIN_SELF = YES;
				CLANG_WARN_OBJC_LITERAL_CONVERSION = YES;
				CLANG_WARN_OBJC_ROOT_CLASS = YES_ERROR;
				CLANG_WARN_QUOTED_INCLUDE_IN_FRAMEWORK_HEADER = YES;
				CLANG_WARN_RANGE_LOOP_ANALYSIS = YES;
				CLANG_WARN_STRICT_PROTOTYPES = YES;
				CLANG_WARN_SUSPICIOUS_MOVE = YES;
				CLANG_WARN_UNGUARDED_AVAILABILITY = YES_AGGRESSIVE;
				CLANG_WARN_UNREACHABLE_CODE = YES;
				CLANG_WARN__DUPLICATE_METHOD_MATCH = YES;
				COPY_PHASE_STRIP = NO;
				DEBUG_INFORMATION_FORMAT = "dwarf-with-dsym";
				ENABLE_NS_ASSERTIONS = NO;
				ENABLE_STRICT_OBJC_MSGSEND = YES;
				GCC_C_LANGUAGE_STANDARD = gnu11;
				GCC_NO_COMMON_BLOCKS = YES;
				GCC_WARN_64_TO_32_BIT_CONVERSION = YES;
				GCC_WARN_ABOUT_RETURN_TYPE = YES_ERROR;
				GCC_WARN_UNDECLARED_SELECTOR = YES;
				GCC_WARN_UNINITIALIZED_AUTOS = YES_AGGRESSIVE;
				GCC_WARN_UNUSED_FUNCTION = YES;
				GCC_WARN_UNUSED_VARIABLE = YES;
				IPHONEOS_DEPLOYMENT_TARGET = 14.1;
				MTL_ENABLE_DEBUG_INFO = NO;
				MTL_FAST_MATH = YES;
				SDKROOT = iphoneos;
				SWIFT_COMPILATION_MODE = wholemodule;
				SWIFT_OPTIMIZATION_LEVEL = "-O";
				VALIDATE_PRODUCT = YES;
			};
			name = Release;
		};
		532BF9762554E755008E8BFA /* Debug */ = {
			isa = XCBuildConfiguration;
			buildSettings = {
				ASSETCATALOG_COMPILER_APPICON_NAME = AppIcon;
				ASSETCATALOG_COMPILER_GLOBAL_ACCENT_COLOR_NAME = AccentColor;
				CODE_SIGN_STYLE = Automatic;
				DEVELOPMENT_TEAM = WPR3K55VLC;
				INFOPLIST_FILE = Pronouce/Info.plist;
				LD_RUNPATH_SEARCH_PATHS = (
					"$(inherited)",
					"@executable_path/Frameworks",
				);
				PRODUCT_BUNDLE_IDENTIFIER = me.francis.christian.Pronouce;
				PRODUCT_NAME = "$(TARGET_NAME)";
				SWIFT_VERSION = 5.0;
				TARGETED_DEVICE_FAMILY = "1,2";
			};
			name = Debug;
		};
		532BF9772554E755008E8BFA /* Release */ = {
			isa = XCBuildConfiguration;
			buildSettings = {
				ASSETCATALOG_COMPILER_APPICON_NAME = AppIcon;
				ASSETCATALOG_COMPILER_GLOBAL_ACCENT_COLOR_NAME = AccentColor;
				CODE_SIGN_STYLE = Automatic;
				DEVELOPMENT_TEAM = WPR3K55VLC;
				INFOPLIST_FILE = Pronouce/Info.plist;
				LD_RUNPATH_SEARCH_PATHS = (
					"$(inherited)",
					"@executable_path/Frameworks",
				);
				PRODUCT_BUNDLE_IDENTIFIER = me.francis.christian.Pronouce;
				PRODUCT_NAME = "$(TARGET_NAME)";
				SWIFT_VERSION = 5.0;
				TARGETED_DEVICE_FAMILY = "1,2";
			};
			name = Release;
		};
/* End XCBuildConfiguration section */

/* Begin XCConfigurationList section */
		532BF95C2554E753008E8BFA /* Build configuration list for PBXProject "Pronouce" */ = {
			isa = XCConfigurationList;
			buildConfigurations = (
				532BF9732554E755008E8BFA /* Debug */,
				532BF9742554E755008E8BFA /* Release */,
			);
			defaultConfigurationIsVisible = 0;
			defaultConfigurationName = Release;
		};
		532BF9752554E755008E8BFA /* Build configuration list for PBXNativeTarget "Pronouce" */ = {
			isa = XCConfigurationList;
			buildConfigurations = (
				532BF9762554E755008E8BFA /* Debug */,
				532BF9772554E755008E8BFA /* Release */,
			);
			defaultConfigurationIsVisible = 0;
			defaultConfigurationName = Release;
		};
/* End XCConfigurationList section */
	};
	rootObject = 532BF9592554E753008E8BFA /* Project object */;
}
